
Microsoft Visual Studio Solution File, Format Version 12.00
# Visual Studio Version 16
VisualStudioVersion = 16.0.30104.148
MinimumVisualStudioVersion = 10.0.40219.1
Project("{9A19103F-16F7-4668-BE54-9A1E7A4F7556}") = "UIAutomation", "UIAutomation\UIAutomation.csproj", "{3953247C-773D-4CD6-B812-F3D1D7FF58BA}"
EndProject
Global
	GlobalSection(SolutionConfigurationPlatforms) = preSolution
		Debug|Any CPU = Debug|Any CPU
		Release|Any CPU = Release|Any CPU
	EndGlobalSection
	GlobalSection(ProjectConfigurationPlatforms) = postSolution
		{3953247C-773D-4CD6-B812-F3D1D7FF58BA}.Debug|Any CPU.ActiveCfg = Debug|Any CPU
		{3953247C-773D-4CD6-B812-F3D1D7FF58BA}.Debug|Any CPU.Build.0 = Debug|Any CPU
		{3953247C-773D-4CD6-B812-F3D1D7FF58BA}.Release|Any CPU.ActiveCfg = Release|Any CPU
		{3953247C-773D-4CD6-B812-F3D1D7FF58BA}.Release|Any CPU.Build.0 = Release|Any CPU
	EndGlobalSection
	GlobalSection(SolutionProperties) = preSolution
		HideSolutionNode = FALSE
	EndGlobalSection
	GlobalSection(ExtensibilityGlobals) = postSolution
		SolutionGuid = {8597A75A-F4BB-46EF-ABFF-F373DFB07465}
	EndGlobalSection
EndGlobal
